// !$*UTF8*$!
{
	archiveVersion = 1;
	classes = {
	};
	objectVersion = 55;
	objects = {

/* Begin PBXBuildFile section */
		934250B72B07A3D8003E22E3 /* AppDelegate.swift in Sources */ = {isa = PBXBuildFile; fileRef = 934250B62B07A3D8003E22E3 /* AppDelegate.swift */; };
		934250B92B07A3D8003E22E3 /* SceneDelegate.swift in Sources */ = {isa = PBXBuildFile; fileRef = 934250B82B07A3D8003E22E3 /* SceneDelegate.swift */; };
		934250BB2B07A3D8003E22E3 /* ViewController.swift in Sources */ = {isa = PBXBuildFile; fileRef = 934250BA2B07A3D8003E22E3 /* ViewController.swift */; };
		934250BE2B07A3D8003E22E3 /* Main.storyboard in Resources */ = {isa = PBXBuildFile; fileRef = 934250BC2B07A3D8003E22E3 /* Main.storyboard */; };
		934250C12B07A3D8003E22E3 /* PomodoroTimer.xcdatamodeld in Sources */ = {isa = PBXBuildFile; fileRef = 934250BF2B07A3D8003E22E3 /* PomodoroTimer.xcdatamodeld */; };
		934250C32B07A3EC003E22E3 /* Assets.xcassets in Resources */ = {isa = PBXBuildFile; fileRef = 934250C22B07A3EC003E22E3 /* Assets.xcassets */; };
		934250C62B07A3EC003E22E3 /* LaunchScreen.storyboard in Resources */ = {isa = PBXBuildFile; fileRef = 934250C42B07A3EC003E22E3 /* LaunchScreen.storyboard */; };
		934250D12B07A3EE003E22E3 /* PomodoroTimerTests.swift in Sources */ = {isa = PBXBuildFile; fileRef = 934250D02B07A3EE003E22E3 /* PomodoroTimerTests.swift */; };
		934250DB2B07A3EE003E22E3 /* PomodoroTimerUITests.swift in Sources */ = {isa = PBXBuildFile; fileRef = 934250DA2B07A3EE003E22E3 /* PomodoroTimerUITests.swift */; };
		934250DD2B07A3EE003E22E3 /* PomodoroTimerUITestsLaunchTests.swift in Sources */ = {isa = PBXBuildFile; fileRef = 934250DC2B07A3EE003E22E3 /* PomodoroTimerUITestsLaunchTests.swift */; };
/* End PBXBuildFile section */

/* Begin PBXContainerItemProxy section */
		934250CD2B07A3EE003E22E3 /* PBXContainerItemProxy */ = {
			isa = PBXContainerItemProxy;
			containerPortal = 934250AB2B07A3D7003E22E3 /* Project object */;
			proxyType = 1;
			remoteGlobalIDString = 934250B22B07A3D8003E22E3;
			remoteInfo = PomodoroTimer;
		};
		934250D72B07A3EE003E22E3 /* PBXContainerItemProxy */ = {
			isa = PBXContainerItemProxy;
			containerPortal = 934250AB2B07A3D7003E22E3 /* Project object */;
			proxyType = 1;
			remoteGlobalIDString = 934250B22B07A3D8003E22E3;
			remoteInfo = PomodoroTimer;
		};
/* End PBXContainerItemProxy section */

/* Begin PBXFileReference section */
		934250B32B07A3D8003E22E3 /* PomodoroTimer.app */ = {isa = PBXFileReference; explicitFileType = wrapper.application; includeInIndex = 0; path = PomodoroTimer.app; sourceTree = BUILT_PRODUCTS_DIR; };
		934250B62B07A3D8003E22E3 /* AppDelegate.swift */ = {isa = PBXFileReference; lastKnownFileType = sourcecode.swift; path = AppDelegate.swift; sourceTree = "<group>"; };
		934250B82B07A3D8003E22E3 /* SceneDelegate.swift */ = {isa = PBXFileReference; lastKnownFileType = sourcecode.swift; path = SceneDelegate.swift; sourceTree = "<group>"; };
		934250BA2B07A3D8003E22E3 /* ViewController.swift */ = {isa = PBXFileReference; lastKnownFileType = sourcecode.swift; path = ViewController.swift; sourceTree = "<group>"; };
		934250BD2B07A3D8003E22E3 /* Base */ = {isa = PBXFileReference; lastKnownFileType = file.storyboard; name = Base; path = Base.lproj/Main.storyboard; sourceTree = "<group>"; };
		934250C02B07A3D8003E22E3 /* PomodoroTimer.xcdatamodel */ = {isa = PBXFileReference; lastKnownFileType = wrapper.xcdatamodel; path = PomodoroTimer.xcdatamodel; sourceTree = "<group>"; };
		934250C22B07A3EC003E22E3 /* Assets.xcassets */ = {isa = PBXFileReference; lastKnownFileType = folder.assetcatalog; path = Assets.xcassets; sourceTree = "<group>"; };
		934250C52B07A3EC003E22E3 /* Base */ = {isa = PBXFileReference; lastKnownFileType = file.storyboard; name = Base; path = Base.lproj/LaunchScreen.storyboard; sourceTree = "<group>"; };
		934250C72B07A3EC003E22E3 /* Info.plist */ = {isa = PBXFileReference; lastKnownFileType = text.plist.xml; path = Info.plist; sourceTree = "<group>"; };
		934250CC2B07A3EE003E22E3 /* PomodoroTimerTests.xctest */ = {isa = PBXFileReference; explicitFileType = wrapper.cfbundle; includeInIndex = 0; path = PomodoroTimerTests.xctest; sourceTree = BUILT_PRODUCTS_DIR; };
		934250D02B07A3EE003E22E3 /* PomodoroTimerTests.swift */ = {isa = PBXFileReference; lastKnownFileType = sourcecode.swift; path = PomodoroTimerTests.swift; sourceTree = "<group>"; };
		934250D62B07A3EE003E22E3 /* PomodoroTimerUITests.xctest */ = {isa = PBXFileReference; explicitFileType = wrapper.cfbundle; includeInIndex = 0; path = PomodoroTimerUITests.xctest; sourceTree = BUILT_PRODUCTS_DIR; };
		934250DA2B07A3EE003E22E3 /* PomodoroTimerUITests.swift */ = {isa = PBXFileReference; lastKnownFileType = sourcecode.swift; path = PomodoroTimerUITests.swift; sourceTree = "<group>"; };
		934250DC2B07A3EE003E22E3 /* PomodoroTimerUITestsLaunchTests.swift */ = {isa = PBXFileReference; lastKnownFileType = sourcecode.swift; path = PomodoroTimerUITestsLaunchTests.swift; sourceTree = "<group>"; };
/* End PBXFileReference section */

/* Begin PBXFrameworksBuildPhase section */
		934250B02B07A3D8003E22E3 /* Frameworks */ = {
			isa = PBXFrameworksBuildPhase;
			buildActionMask = 2147483647;
			files = (
			);
			runOnlyForDeploymentPostprocessing = 0;
		};
		934250C92B07A3EE003E22E3 /* Frameworks */ = {
			isa = PBXFrameworksBuildPhase;
			buildActionMask = 2147483647;
			files = (
			);
			runOnlyForDeploymentPostprocessing = 0;
		};
		934250D32B07A3EE003E22E3 /* Frameworks */ = {
			isa = PBXFrameworksBuildPhase;
			buildActionMask = 2147483647;
			files = (
			);
			runOnlyForDeploymentPostprocessing = 0;
		};
/* End PBXFrameworksBuildPhase section */

/* Begin PBXGroup section */
		934250AA2B07A3D7003E22E3 = {
			isa = PBXGroup;
			children = (
				934250B52B07A3D8003E22E3 /* PomodoroTimer */,
				934250CF2B07A3EE003E22E3 /* PomodoroTimerTests */,
				934250D92B07A3EE003E22E3 /* PomodoroTimerUITests */,
				934250B42B07A3D8003E22E3 /* Products */,
			);
			sourceTree = "<group>";
		};
		934250B42B07A3D8003E22E3 /* Products */ = {
			isa = PBXGroup;
			children = (
				934250B32B07A3D8003E22E3 /* PomodoroTimer.app */,
				934250CC2B07A3EE003E22E3 /* PomodoroTimerTests.xctest */,
				934250D62B07A3EE003E22E3 /* PomodoroTimerUITests.xctest */,
			);
			name = Products;
			sourceTree = "<group>";
		};
		934250B52B07A3D8003E22E3 /* PomodoroTimer */ = {
			isa = PBXGroup;
			children = (
				934250B62B07A3D8003E22E3 /* AppDelegate.swift */,
				934250B82B07A3D8003E22E3 /* SceneDelegate.swift */,
				934250BA2B07A3D8003E22E3 /* ViewController.swift */,
				934250BC2B07A3D8003E22E3 /* Main.storyboard */,
				934250C22B07A3EC003E22E3 /* Assets.xcassets */,
				934250C42B07A3EC003E22E3 /* LaunchScreen.storyboard */,
				934250C72B07A3EC003E22E3 /* Info.plist */,
				934250BF2B07A3D8003E22E3 /* PomodoroTimer.xcdatamodeld */,
			);
			path = PomodoroTimer;
			sourceTree = "<group>";
		};
		934250CF2B07A3EE003E22E3 /* PomodoroTimerTests */ = {
			isa = PBXGroup;
			children = (
				934250D02B07A3EE003E22E3 /* PomodoroTimerTests.swift */,
			);
			path = PomodoroTimerTests;
			sourceTree = "<group>";
		};
		934250D92B07A3EE003E22E3 /* PomodoroTimerUITests */ = {
			isa = PBXGroup;
			children = (
				934250DA2B07A3EE003E22E3 /* PomodoroTimerUITests.swift */,
				934250DC2B07A3EE003E22E3 /* PomodoroTimerUITestsLaunchTests.swift */,
			);
			path = PomodoroTimerUITests;
			sourceTree = "<group>";
		};
/* End PBXGroup section */

/* Begin PBXNativeTarget section */
		934250B22B07A3D8003E22E3 /* PomodoroTimer */ = {
			isa = PBXNativeTarget;
			buildConfigurationList = 934250E02B07A3EE003E22E3 /* Build configuration list for PBXNativeTarget "PomodoroTimer" */;
			buildPhases = (
				934250AF2B07A3D8003E22E3 /* Sources */,
				934250B02B07A3D8003E22E3 /* Frameworks */,
				934250B12B07A3D8003E22E3 /* Resources */,
			);
			buildRules = (
			);
			dependencies = (
			);
			name = PomodoroTimer;
			productName = PomodoroTimer;
			productReference = 934250B32B07A3D8003E22E3 /* PomodoroTimer.app */;
			productType = "com.apple.product-type.application";
		};
		934250CB2B07A3EE003E22E3 /* PomodoroTimerTests */ = {
			isa = PBXNativeTarget;
			buildConfigurationList = 934250E32B07A3EE003E22E3 /* Build configuration list for PBXNativeTarget "PomodoroTimerTests" */;
			buildPhases = (
				934250C82B07A3EE003E22E3 /* Sources */,
				934250C92B07A3EE003E22E3 /* Frameworks */,
				934250CA2B07A3EE003E22E3 /* Resources */,
			);
			buildRules = (
			);
			dependencies = (
				934250CE2B07A3EE003E22E3 /* PBXTargetDependency */,
			);
			name = PomodoroTimerTests;
			productName = PomodoroTimerTests;
			productReference = 934250CC2B07A3EE003E22E3 /* PomodoroTimerTests.xctest */;
			productType = "com.apple.product-type.bundle.unit-test";
		};
		934250D52B07A3EE003E22E3 /* PomodoroTimerUITests */ = {
			isa = PBXNativeTarget;
			buildConfigurationList = 934250E62B07A3EE003E22E3 /* Build configuration list for PBXNativeTarget "PomodoroTimerUITests" */;
			buildPhases = (
				934250D22B07A3EE003E22E3 /* Sources */,
				934250D32B07A3EE003E22E3 /* Frameworks */,
				934250D42B07A3EE003E22E3 /* Resources */,
			);
			buildRules = (
			);
			dependencies = (
				934250D82B07A3EE003E22E3 /* PBXTargetDependency */,
			);
			name = PomodoroTimerUITests;
			productName = PomodoroTimerUITests;
			productReference = 934250D62B07A3EE003E22E3 /* PomodoroTimerUITests.xctest */;
			productType = "com.apple.product-type.bundle.ui-testing";
		};
/* End PBXNativeTarget section */

/* Begin PBXProject section */
		934250AB2B07A3D7003E22E3 /* Project object */ = {
			isa = PBXProject;
			attributes = {
				BuildIndependentTargetsInParallel = 1;
				LastSwiftUpdateCheck = 1320;
				LastUpgradeCheck = 1320;
				TargetAttributes = {
					934250B22B07A3D8003E22E3 = {
						CreatedOnToolsVersion = 13.2.1;
					};
					934250CB2B07A3EE003E22E3 = {
						CreatedOnToolsVersion = 13.2.1;
						TestTargetID = 934250B22B07A3D8003E22E3;
					};
					934250D52B07A3EE003E22E3 = {
						CreatedOnToolsVersion = 13.2.1;
						TestTargetID = 934250B22B07A3D8003E22E3;
					};
				};
			};
			buildConfigurationList = 934250AE2B07A3D7003E22E3 /* Build configuration list for PBXProject "PomodoroTimer" */;
			compatibilityVersion = "Xcode 13.0";
			developmentRegion = en;
			hasScannedForEncodings = 0;
			knownRegions = (
				en,
				Base,
			);
			mainGroup = 934250AA2B07A3D7003E22E3;
			productRefGroup = 934250B42B07A3D8003E22E3 /* Products */;
			projectDirPath = "";
			projectRoot = "";
			targets = (
				934250B22B07A3D8003E22E3 /* PomodoroTimer */,
				934250CB2B07A3EE003E22E3 /* PomodoroTimerTests */,
				934250D52B07A3EE003E22E3 /* PomodoroTimerUITests */,
			);
		};
/* End PBXProject section */

/* Begin PBXResourcesBuildPhase section */
		934250B12B07A3D8003E22E3 /* Resources */ = {
			isa = PBXResourcesBuildPhase;
			buildActionMask = 2147483647;
			files = (
				934250C62B07A3EC003E22E3 /* LaunchScreen.storyboard in Resources */,
				934250C32B07A3EC003E22E3 /* Assets.xcassets in Resources */,
				934250BE2B07A3D8003E22E3 /* Main.storyboard in Resources */,
			);
			runOnlyForDeploymentPostprocessing = 0;
		};
		934250CA2B07A3EE003E22E3 /* Resources */ = {
			isa = PBXResourcesBuildPhase;
			buildActionMask = 2147483647;
			files = (
			);
			runOnlyForDeploymentPostprocessing = 0;
		};
		934250D42B07A3EE003E22E3 /* Resources */ = {
			isa = PBXResourcesBuildPhase;
			buildActionMask = 2147483647;
			files = (
			);
			runOnlyForDeploymentPostprocessing = 0;
		};
/* End PBXResourcesBuildPhase section */

/* Begin PBXSourcesBuildPhase section */
		934250AF2B07A3D8003E22E3 /* Sources */ = {
			isa = PBXSourcesBuildPhase;
			buildActionMask = 2147483647;
			files = (
				934250BB2B07A3D8003E22E3 /* ViewController.swift in Sources */,
				934250B72B07A3D8003E22E3 /* AppDelegate.swift in Sources */,
				934250C12B07A3D8003E22E3 /* PomodoroTimer.xcdatamodeld in Sources */,
				934250B92B07A3D8003E22E3 /* SceneDelegate.swift in Sources */,
			);
			runOnlyForDeploymentPostprocessing = 0;
		};
		934250C82B07A3EE003E22E3 /* Sources */ = {
			isa = PBXSourcesBuildPhase;
			buildActionMask = 2147483647;
			files = (
				934250D12B07A3EE003E22E3 /* PomodoroTimerTests.swift in Sources */,
			);
			runOnlyForDeploymentPostprocessing = 0;
		};
		934250D22B07A3EE003E22E3 /* Sources */ = {
			isa = PBXSourcesBuildPhase;
			buildActionMask = 2147483647;
			files = (
				934250DB2B07A3EE003E22E3 /* PomodoroTimerUITests.swift in Sources */,
				934250DD2B07A3EE003E22E3 /* PomodoroTimerUITestsLaunchTests.swift in Sources */,
			);
			runOnlyForDeploymentPostprocessing = 0;
		};
/* End PBXSourcesBuildPhase section */

/* Begin PBXTargetDependency section */
		934250CE2B07A3EE003E22E3 /* PBXTargetDependency */ = {
			isa = PBXTargetDependency;
			target = 934250B22B07A3D8003E22E3 /* PomodoroTimer */;
			targetProxy = 934250CD2B07A3EE003E22E3 /* PBXContainerItemProxy */;
		};
		934250D82B07A3EE003E22E3 /* PBXTargetDependency */ = {
			isa = PBXTargetDependency;
			target = 934250B22B07A3D8003E22E3 /* PomodoroTimer */;
			targetProxy = 934250D72B07A3EE003E22E3 /* PBXContainerItemProxy */;
		};
/* End PBXTargetDependency section */

/* Begin PBXVariantGroup section */
		934250BC2B07A3D8003E22E3 /* Main.storyboard */ = {
			isa = PBXVariantGroup;
			children = (
				934250BD2B07A3D8003E22E3 /* Base */,
			);
			name = Main.storyboard;
			sourceTree = "<group>";
		};
		934250C42B07A3EC003E22E3 /* LaunchScreen.storyboard */ = {
			isa = PBXVariantGroup;
			children = (
				934250C52B07A3EC003E22E3 /* Base */,
			);
			name = LaunchScreen.storyboard;
			sourceTree = "<group>";
		};
/* End PBXVariantGroup section */

/* Begin XCBuildConfiguration section */
		934250DE2B07A3EE003E22E3 /* Debug */ = {
			isa = XCBuildConfiguration;
			buildSettings = {
				ALWAYS_SEARCH_USER_PATHS = NO;
				CLANG_ANALYZER_NONNULL = YES;
				CLANG_ANALYZER_NUMBER_OBJECT_CONVERSION = YES_AGGRESSIVE;
				CLANG_CXX_LANGUAGE_STANDARD = "gnu++17";
				CLANG_CXX_LIBRARY = "libc++";
				CLANG_ENABLE_MODULES = YES;
				CLANG_ENABLE_OBJC_ARC = YES;
				CLANG_ENABLE_OBJC_WEAK = YES;
				CLANG_WARN_BLOCK_CAPTURE_AUTORELEASING = YES;
				CLANG_WARN_BOOL_CONVERSION = YES;
				CLANG_WARN_COMMA = YES;
				CLANG_WARN_CONSTANT_CONVERSION = YES;
				CLANG_WARN_DEPRECATED_OBJC_IMPLEMENTATIONS = YES;
				CLANG_WARN_DIRECT_OBJC_ISA_USAGE = YES_ERROR;
				CLANG_WARN_DOCUMENTATION_COMMENTS = YES;
				CLANG_WARN_EMPTY_BODY = YES;
				CLANG_WARN_ENUM_CONVERSION = YES;
				CLANG_WARN_INFINITE_RECURSION = YES;
				CLANG_WARN_INT_CONVERSION = YES;
				CLANG_WARN_NON_LITERAL_NULL_CONVERSION = YES;
				CLANG_WARN_OBJC_IMPLICIT_RETAIN_SELF = YES;
				CLANG_WARN_OBJC_LITERAL_CONVERSION = YES;
				CLANG_WARN_OBJC_ROOT_CLASS = YES_ERROR;
				CLANG_WARN_QUOTED_INCLUDE_IN_FRAMEWORK_HEADER = YES;
				CLANG_WARN_RANGE_LOOP_ANALYSIS = YES;
				CLANG_WARN_STRICT_PROTOTYPES = YES;
				CLANG_WARN_SUSPICIOUS_MOVE = YES;
				CLANG_WARN_UNGUARDED_AVAILABILITY = YES_AGGRESSIVE;
				CLANG_WARN_UNREACHABLE_CODE = YES;
				CLANG_WARN__DUPLICATE_METHOD_MATCH = YES;
				COPY_PHASE_STRIP = NO;
				DEBUG_INFORMATION_FORMAT = dwarf;
				ENABLE_STRICT_OBJC_MSGSEND = YES;
				ENABLE_TESTABILITY = YES;
				GCC_C_LANGUAGE_STANDARD = gnu11;
				GCC_DYNAMIC_NO_PIC = NO;
				GCC_NO_COMMON_BLOCKS = YES;
				GCC_OPTIMIZATION_LEVEL = 0;
				GCC_PREPROCESSOR_DEFINITIONS = (
					"DEBUG=1",
					"$(inherited)",
				);
				GCC_WARN_64_TO_32_BIT_CONVERSION = YES;
				GCC_WARN_ABOUT_RETURN_TYPE = YES_ERROR;
				GCC_WARN_UNDECLARED_SELECTOR = YES;
				GCC_WARN_UNINITIALIZED_AUTOS = YES_AGGRESSIVE;
				GCC_WARN_UNUSED_FUNCTION = YES;
				GCC_WARN_UNUSED_VARIABLE = YES;
				IPHONEOS_DEPLOYMENT_TARGET = 15.2;
				MTL_ENABLE_DEBUG_INFO = INCLUDE_SOURCE;
				MTL_FAST_MATH = YES;
				ONLY_ACTIVE_ARCH = YES;
				SDKROOT = iphoneos;
				SWIFT_ACTIVE_COMPILATION_CONDITIONS = DEBUG;
				SWIFT_OPTIMIZATION_LEVEL = "-Onone";
			};
			name = Debug;
		};
		934250DF2B07A3EE003E22E3 /* Release */ = {
			isa = XCBuildConfiguration;
			buildSettings = {
				ALWAYS_SEARCH_USER_PATHS = NO;
				CLANG_ANALYZER_NONNULL = YES;
				CLANG_ANALYZER_NUMBER_OBJECT_CONVERSION = YES_AGGRESSIVE;
				CLANG_CXX_LANGUAGE_STANDARD = "gnu++17";
				CLANG_CXX_LIBRARY = "libc++";
				CLANG_ENABLE_MODULES = YES;
				CLANG_ENABLE_OBJC_ARC = YES;
				CLANG_ENABLE_OBJC_WEAK = YES;
				CLANG_WARN_BLOCK_CAPTURE_AUTORELEASING = YES;
				CLANG_WARN_BOOL_CONVERSION = YES;
				CLANG_WARN_COMMA = YES;
				CLANG_WARN_CONSTANT_CONVERSION = YES;
				CLANG_WARN_DEPRECATED_OBJC_IMPLEMENTATIONS = YES;
				CLANG_WARN_DIRECT_OBJC_ISA_USAGE = YES_ERROR;
				CLANG_WARN_DOCUMENTATION_COMMENTS = YES;
				CLANG_WARN_EMPTY_BODY = YES;
				CLANG_WARN_ENUM_CONVERSION = YES;
				CLANG_WARN_INFINITE_RECURSION = YES;
				CLANG_WARN_INT_CONVERSION = YES;
				CLANG_WARN_NON_LITERAL_NULL_CONVERSION = YES;
				CLANG_WARN_OBJC_IMPLICIT_RETAIN_SELF = YES;
				CLANG_WARN_OBJC_LITERAL_CONVERSION = YES;
				CLANG_WARN_OBJC_ROOT_CLASS = YES_ERROR;
				CLANG_WARN_QUOTED_INCLUDE_IN_FRAMEWORK_HEADER = YES;
				CLANG_WARN_RANGE_LOOP_ANALYSIS = YES;
				CLANG_WARN_STRICT_PROTOTYPES = YES;
				CLANG_WARN_SUSPICIOUS_MOVE = YES;
				CLANG_WARN_UNGUARDED_AVAILABILITY = YES_AGGRESSIVE;
				CLANG_WARN_UNREACHABLE_CODE = YES;
				CLANG_WARN__DUPLICATE_METHOD_MATCH = YES;
				COPY_PHASE_STRIP = NO;
				DEBUG_INFORMATION_FORMAT = "dwarf-with-dsym";
				ENABLE_NS_ASSERTIONS = NO;
				ENABLE_STRICT_OBJC_MSGSEND = YES;
				GCC_C_LANGUAGE_STANDARD = gnu11;
				GCC_NO_COMMON_BLOCKS = YES;
				GCC_WARN_64_TO_32_BIT_CONVERSION = YES;
				GCC_WARN_ABOUT_RETURN_TYPE = YES_ERROR;
				GCC_WARN_UNDECLARED_SELECTOR = YES;
				GCC_WARN_UNINITIALIZED_AUTOS = YES_AGGRESSIVE;
				GCC_WARN_UNUSED_FUNCTION = YES;
				GCC_WARN_UNUSED_VARIABLE = YES;
				IPHONEOS_DEPLOYMENT_TARGET = 15.2;
				MTL_ENABLE_DEBUG_INFO = NO;
				MTL_FAST_MATH = YES;
				SDKROOT = iphoneos;
				SWIFT_COMPILATION_MODE = wholemodule;
				SWIFT_OPTIMIZATION_LEVEL = "-O";
				VALIDATE_PRODUCT = YES;
			};
			name = Release;
		};
		934250E12B07A3EE003E22E3 /* Debug */ = {
			isa = XCBuildConfiguration;
			buildSettings = {
				ASSETCATALOG_COMPILER_APPICON_NAME = AppIcon;
				ASSETCATALOG_COMPILER_GLOBAL_ACCENT_COLOR_NAME = AccentColor;
				CODE_SIGN_STYLE = Automatic;
				CURRENT_PROJECT_VERSION = 1;
				GENERATE_INFOPLIST_FILE = YES;
				INFOPLIST_FILE = PomodoroTimer/Info.plist;
				INFOPLIST_KEY_UIApplicationSupportsIndirectInputEvents = YES;
				INFOPLIST_KEY_UILaunchStoryboardName = LaunchScreen;
				INFOPLIST_KEY_UIMainStoryboardFile = Main;
				INFOPLIST_KEY_UISupportedInterfaceOrientations_iPad = "UIInterfaceOrientationPortrait UIInterfaceOrientationPortraitUpsideDown UIInterfaceOrientationLandscapeLeft UIInterfaceOrientationLandscapeRight";
				INFOPLIST_KEY_UISupportedInterfaceOrientations_iPhone = "UIInterfaceOrientationPortrait UIInterfaceOrientationLandscapeLeft UIInterfaceOrientationLandscapeRight";
				LD_RUNPATH_SEARCH_PATHS = (
					"$(inherited)",
					"@executable_path/Frameworks",
				);
				MARKETING_VERSION = 1.0;
				PRODUCT_BUNDLE_IDENTIFIER = swift.PomodoroTimer;
				PRODUCT_NAME = "$(TARGET_NAME)";
				SWIFT_EMIT_LOC_STRINGS = YES;
				SWIFT_VERSION = 5.0;
				TARGETED_DEVICE_FAMILY = "1,2";
			};
			name = Debug;
		};
		934250E22B07A3EE003E22E3 /* Release */ = {
			isa = XCBuildConfiguration;
			buildSettings = {
				ASSETCATALOG_COMPILER_APPICON_NAME = AppIcon;
				ASSETCATALOG_COMPILER_GLOBAL_ACCENT_COLOR_NAME = AccentColor;
				CODE_SIGN_STYLE = Automatic;
				CURRENT_PROJECT_VERSION = 1;
				GENERATE_INFOPLIST_FILE = YES;
				INFOPLIST_FILE = PomodoroTimer/Info.plist;
				INFOPLIST_KEY_UIApplicationSupportsIndirectInputEvents = YES;
				INFOPLIST_KEY_UILaunchStoryboardName = LaunchScreen;
				INFOPLIST_KEY_UIMainStoryboardFile = Main;
				INFOPLIST_KEY_UISupportedInterfaceOrientations_iPad = "UIInterfaceOrientationPortrait UIInterfaceOrientationPortraitUpsideDown UIInterfaceOrientationLandscapeLeft UIInterfaceOrientationLandscapeRight";
				INFOPLIST_KEY_UISupportedInterfaceOrientations_iPhone = "UIInterfaceOrientationPortrait UIInterfaceOrientationLandscapeLeft UIInterfaceOrientationLandscapeRight";
				LD_RUNPATH_SEARCH_PATHS = (
					"$(inherited)",
					"@executable_path/Frameworks",
				);
				MARKETING_VERSION = 1.0;
				PRODUCT_BUNDLE_IDENTIFIER = swift.PomodoroTimer;
				PRODUCT_NAME = "$(TARGET_NAME)";
				SWIFT_EMIT_LOC_STRINGS = YES;
				SWIFT_VERSION = 5.0;
				TARGETED_DEVICE_FAMILY = "1,2";
			};
			name = Release;
		};
		934250E42B07A3EE003E22E3 /* Debug */ = {
			isa = XCBuildConfiguration;
			buildSettings = {
				ALWAYS_EMBED_SWIFT_STANDARD_LIBRARIES = YES;
				BUNDLE_LOADER = "$(TEST_HOST)";
				CODE_SIGN_STYLE = Automatic;
				CURRENT_PROJECT_VERSION = 1;
				GENERATE_INFOPLIST_FILE = YES;
				IPHONEOS_DEPLOYMENT_TARGET = 15.2;
				MARKETING_VERSION = 1.0;
				PRODUCT_BUNDLE_IDENTIFIER = swift.PomodoroTimerTests;
				PRODUCT_NAME = "$(TARGET_NAME)";
				SWIFT_EMIT_LOC_STRINGS = NO;
				SWIFT_VERSION = 5.0;
				TARGETED_DEVICE_FAMILY = "1,2";
				TEST_HOST = "$(BUILT_PRODUCTS_DIR)/PomodoroTimer.app/PomodoroTimer";
			};
			name = Debug;
		};
		934250E52B07A3EE003E22E3 /* Release */ = {
			isa = XCBuildConfiguration;
			buildSettings = {
				ALWAYS_EMBED_SWIFT_STANDARD_LIBRARIES = YES;
				BUNDLE_LOADER = "$(TEST_HOST)";
				CODE_SIGN_STYLE = Automatic;
				CURRENT_PROJECT_VERSION = 1;
				GENERATE_INFOPLIST_FILE = YES;
				IPHONEOS_DEPLOYMENT_TARGET = 15.2;
				MARKETING_VERSION = 1.0;
				PRODUCT_BUNDLE_IDENTIFIER = swift.PomodoroTimerTests;
				PRODUCT_NAME = "$(TARGET_NAME)";
				SWIFT_EMIT_LOC_STRINGS = NO;
				SWIFT_VERSION = 5.0;
				TARGETED_DEVICE_FAMILY = "1,2";
				TEST_HOST = "$(BUILT_PRODUCTS_DIR)/PomodoroTimer.app/PomodoroTimer";
			};
			name = Release;
		};
		934250E72B07A3EE003E22E3 /* Debug */ = {
			isa = XCBuildConfiguration;
			buildSettings = {
				ALWAYS_EMBED_SWIFT_STANDARD_LIBRARIES = YES;
				CODE_SIGN_STYLE = Automatic;
				CURRENT_PROJECT_VERSION = 1;
				GENERATE_INFOPLIST_FILE = YES;
				MARKETING_VERSION = 1.0;
				PRODUCT_BUNDLE_IDENTIFIER = swift.PomodoroTimerUITests;
				PRODUCT_NAME = "$(TARGET_NAME)";
				SWIFT_EMIT_LOC_STRINGS = NO;
				SWIFT_VERSION = 5.0;
				TARGETED_DEVICE_FAMILY = "1,2";
				TEST_TARGET_NAME = PomodoroTimer;
			};
			name = Debug;
		};
		934250E82B07A3EE003E22E3 /* Release */ = {
			isa = XCBuildConfiguration;
			buildSettings = {
				ALWAYS_EMBED_SWIFT_STANDARD_LIBRARIES = YES;
				CODE_SIGN_STYLE = Automatic;
				CURRENT_PROJECT_VERSION = 1;
				GENERATE_INFOPLIST_FILE = YES;
				MARKETING_VERSION = 1.0;
				PRODUCT_BUNDLE_IDENTIFIER = swift.PomodoroTimerUITests;
				PRODUCT_NAME = "$(TARGET_NAME)";
				SWIFT_EMIT_LOC_STRINGS = NO;
				SWIFT_VERSION = 5.0;
				TARGETED_DEVICE_FAMILY = "1,2";
				TEST_TARGET_NAME = PomodoroTimer;
			};
			name = Release;
		};
/* End XCBuildConfiguration section */

/* Begin XCConfigurationList section */
		934250AE2B07A3D7003E22E3 /* Build configuration list for PBXProject "PomodoroTimer" */ = {
			isa = XCConfigurationList;
			buildConfigurations = (
				934250DE2B07A3EE003E22E3 /* Debug */,
				934250DF2B07A3EE003E22E3 /* Release */,
			);
			defaultConfigurationIsVisible = 0;
			defaultConfigurationName = Release;
		};
		934250E02B07A3EE003E22E3 /* Build configuration list for PBXNativeTarget "PomodoroTimer" */ = {
			isa = XCConfigurationList;
			buildConfigurations = (
				934250E12B07A3EE003E22E3 /* Debug */,
				934250E22B07A3EE003E22E3 /* Release */,
			);
			defaultConfigurationIsVisible = 0;
			defaultConfigurationName = Release;
		};
		934250E32B07A3EE003E22E3 /* Build configuration list for PBXNativeTarget "PomodoroTimerTests" */ = {
			isa = XCConfigurationList;
			buildConfigurations = (
				934250E42B07A3EE003E22E3 /* Debug */,
				934250E52B07A3EE003E22E3 /* Release */,
			);
			defaultConfigurationIsVisible = 0;
			defaultConfigurationName = Release;
		};
		934250E62B07A3EE003E22E3 /* Build configuration list for PBXNativeTarget "PomodoroTimerUITests" */ = {
			isa = XCConfigurationList;
			buildConfigurations = (
				934250E72B07A3EE003E22E3 /* Debug */,
				934250E82B07A3EE003E22E3 /* Release */,
			);
			defaultConfigurationIsVisible = 0;
			defaultConfigurationName = Release;
		};
/* End XCConfigurationList section */

/* Begin XCVersionGroup section */
		934250BF2B07A3D8003E22E3 /* PomodoroTimer.xcdatamodeld */ = {
			isa = XCVersionGroup;
			children = (
				934250C02B07A3D8003E22E3 /* PomodoroTimer.xcdatamodel */,
			);
			currentVersion = 934250C02B07A3D8003E22E3 /* PomodoroTimer.xcdatamodel */;
			path = PomodoroTimer.xcdatamodeld;
			sourceTree = "<group>";
			versionGroupType = wrapper.xcdatamodel;
		};
/* End XCVersionGroup section */
	};
	rootObject = 934250AB2B07A3D7003E22E3 /* Project object */;
}
